
Microsoft Visual Studio Solution File, Format Version 12.00
# Visual Studio 15
VisualStudioVersion = 15.0.28010.2036
MinimumVisualStudioVersion = 10.0.40219.1
Project("{FAE04EC0-301F-11D3-BF4B-00C04F79EFBC}") = "LabTest", "LabTest\LabTest.csproj", "{83C469A6-0FF2-4847-9860-9021FB10D895}"
EndProject
Global
	GlobalSection(SolutionConfigurationPlatforms) = preSolution
		Debug|Any CPU = Debug|Any CPU
		Release|Any CPU = Release|Any CPU
	EndGlobalSection
	GlobalSection(ProjectConfigurationPlatforms) = postSolution
		{83C469A6-0FF2-4847-9860-9021FB10D895}.Debug|Any CPU.ActiveCfg = Debug|Any CPU
		{83C469A6-0FF2-4847-9860-9021FB10D895}.Debug|Any CPU.Build.0 = Debug|Any CPU
		{83C469A6-0FF2-4847-9860-9021FB10D895}.Release|Any CPU.ActiveCfg = Release|Any CPU
		{83C469A6-0FF2-4847-9860-9021FB10D895}.Release|Any CPU.Build.0 = Release|Any CPU
	EndGlobalSection
	GlobalSection(SolutionProperties) = preSolution
		HideSolutionNode = FALSE
	EndGlobalSection
	GlobalSection(ExtensibilityGlobals) = postSolution
		SolutionGuid = {C7CF4904-82F1-47AE-9DCE-C3313831B136}
	EndGlobalSection
EndGlobal
